// !$*UTF8*$!
{
	archiveVersion = 1;
	classes = {
	};
	objectVersion = 46;
	objects = {

/* Begin PBXBuildFile section */
		092DF30A1CA715FB0019BA1A /* RNNuanceManager.h in CopyFiles */ = {isa = PBXBuildFile; fileRef = 092DF3091CA715FB0019BA1A /* RNNuanceManager.h */; };
		092DF30C1CA715FB0019BA1A /* RNNuanceManager.m in Sources */ = {isa = PBXBuildFile; fileRef = 092DF30B1CA715FB0019BA1A /* RNNuanceManager.m */; };
		092DF3141CA718110019BA1A /* SpeechKit.framework in Frameworks */ = {isa = PBXBuildFile; fileRef = 092DF3131CA718110019BA1A /* SpeechKit.framework */; };
/* End PBXBuildFile section */

/* Begin PBXCopyFilesBuildPhase section */
		092DF3041CA715FA0019BA1A /* CopyFiles */ = {
			isa = PBXCopyFilesBuildPhase;
			buildActionMask = 2147483647;
			dstPath = "include/$(PRODUCT_NAME)";
			dstSubfolderSpec = 16;
			files = (
				092DF30A1CA715FB0019BA1A /* RNNuanceManager.h in CopyFiles */,
			);
			runOnlyForDeploymentPostprocessing = 0;
		};
/* End PBXCopyFilesBuildPhase section */

/* Begin PBXFileReference section */
		092DF3061CA715FA0019BA1A /* libRNNuanceManager.a */ = {isa = PBXFileReference; explicitFileType = archive.ar; includeInIndex = 0; path = libRNNuanceManager.a; sourceTree = BUILT_PRODUCTS_DIR; };
		092DF3091CA715FB0019BA1A /* RNNuanceManager.h */ = {isa = PBXFileReference; lastKnownFileType = sourcecode.c.h; path = RNNuanceManager.h; sourceTree = "<group>"; };
		092DF30B1CA715FB0019BA1A /* RNNuanceManager.m */ = {isa = PBXFileReference; lastKnownFileType = sourcecode.c.objc; path = RNNuanceManager.m; sourceTree = "<group>"; };
		092DF3131CA718110019BA1A /* SpeechKit.framework */ = {isa = PBXFileReference; lastKnownFileType = wrapper.framework; path = SpeechKit.framework; sourceTree = "<group>"; };
/* End PBXFileReference section */

/* Begin PBXFrameworksBuildPhase section */
		092DF3031CA715FA0019BA1A /* Frameworks */ = {
			isa = PBXFrameworksBuildPhase;
			buildActionMask = 2147483647;
			files = (
				092DF3141CA718110019BA1A /* SpeechKit.framework in Frameworks */,
			);
			runOnlyForDeploymentPostprocessing = 0;
		};
/* End PBXFrameworksBuildPhase section */

/* Begin PBXGroup section */
		092DF2FD1CA715FA0019BA1A = {
			isa = PBXGroup;
			children = (
				092DF3121CA718030019BA1A /* Frameworks */,
				092DF3081CA715FB0019BA1A /* RNNuanceManager */,
				092DF3071CA715FA0019BA1A /* Products */,
			);
			sourceTree = "<group>";
		};
		092DF3071CA715FA0019BA1A /* Products */ = {
			isa = PBXGroup;
			children = (
				092DF3061CA715FA0019BA1A /* libRNNuanceManager.a */,
			);
			name = Products;
			sourceTree = "<group>";
		};
		092DF3081CA715FB0019BA1A /* RNNuanceManager */ = {
			isa = PBXGroup;
			children = (
				092DF3091CA715FB0019BA1A /* RNNuanceManager.h */,
				092DF30B1CA715FB0019BA1A /* RNNuanceManager.m */,
			);
			path = RNNuanceManager;
			sourceTree = "<group>";
		};
		092DF3121CA718030019BA1A /* Frameworks */ = {
			isa = PBXGroup;
			children = (
				092DF3131CA718110019BA1A /* SpeechKit.framework */,
			);
			name = Frameworks;
			sourceTree = "<group>";
		};
/* End PBXGroup section */

/* Begin PBXNativeTarget section */
		092DF3051CA715FA0019BA1A /* RNNuanceManager */ = {
			isa = PBXNativeTarget;
			buildConfigurationList = 092DF30F1CA715FB0019BA1A /* Build configuration list for PBXNativeTarget "RNNuanceManager" */;
			buildPhases = (
				092DF3021CA715FA0019BA1A /* Sources */,
				092DF3031CA715FA0019BA1A /* Frameworks */,
				092DF3041CA715FA0019BA1A /* CopyFiles */,
			);
			buildRules = (
			);
			dependencies = (
			);
			name = RNNuanceManager;
			productName = RNNuanceManager;
			productReference = 092DF3061CA715FA0019BA1A /* libRNNuanceManager.a */;
			productType = "com.apple.product-type.library.static";
		};
/* End PBXNativeTarget section */

/* Begin PBXProject section */
		092DF2FE1CA715FA0019BA1A /* Project object */ = {
			isa = PBXProject;
			attributes = {
				LastUpgradeCheck = 0720;
				ORGANIZATIONNAME = "Peter Banka";
				TargetAttributes = {
					092DF3051CA715FA0019BA1A = {
						CreatedOnToolsVersion = 7.2.1;
					};
				};
			};
			buildConfigurationList = 092DF3011CA715FA0019BA1A /* Build configuration list for PBXProject "RNNuanceManager" */;
			compatibilityVersion = "Xcode 3.2";
			developmentRegion = English;
			hasScannedForEncodings = 0;
			knownRegions = (
				en,
			);
			mainGroup = 092DF2FD1CA715FA0019BA1A;
			productRefGroup = 092DF3071CA715FA0019BA1A /* Products */;
			projectDirPath = "";
			projectRoot = "";
			targets = (
				092DF3051CA715FA0019BA1A /* RNNuanceManager */,
			);
		};
/* End PBXProject section */

/* Begin PBXSourcesBuildPhase section */
		092DF3021CA715FA0019BA1A /* Sources */ = {
			isa = PBXSourcesBuildPhase;
			buildActionMask = 2147483647;
			files = (
				092DF30C1CA715FB0019BA1A /* RNNuanceManager.m in Sources */,
			);
			runOnlyForDeploymentPostprocessing = 0;
		};
/* End PBXSourcesBuildPhase section */

/* Begin XCBuildConfiguration section */
		092DF30D1CA715FB0019BA1A /* Debug */ = {
			isa = XCBuildConfiguration;
			buildSettings = {
				ALWAYS_SEARCH_USER_PATHS = NO;
				CLANG_CXX_LANGUAGE_STANDARD = "gnu++0x";
				CLANG_CXX_LIBRARY = "libc++";
				CLANG_ENABLE_MODULES = YES;
				CLANG_ENABLE_OBJC_ARC = YES;
				CLANG_WARN_BOOL_CONVERSION = YES;
				CLANG_WARN_CONSTANT_CONVERSION = YES;
				CLANG_WARN_DIRECT_OBJC_ISA_USAGE = YES_ERROR;
				CLANG_WARN_EMPTY_BODY = YES;
				CLANG_WARN_ENUM_CONVERSION = YES;
				CLANG_WARN_INT_CONVERSION = YES;
				CLANG_WARN_OBJC_ROOT_CLASS = YES_ERROR;
				CLANG_WARN_UNREACHABLE_CODE = YES;
				CLANG_WARN__DUPLICATE_METHOD_MATCH = YES;
				"CODE_SIGN_IDENTITY[sdk=iphoneos*]" = "iPhone Developer";
				COPY_PHASE_STRIP = NO;
				DEBUG_INFORMATION_FORMAT = dwarf;
				ENABLE_STRICT_OBJC_MSGSEND = YES;
				ENABLE_TESTABILITY = YES;
				GCC_C_LANGUAGE_STANDARD = gnu99;
				GCC_DYNAMIC_NO_PIC = NO;
				GCC_NO_COMMON_BLOCKS = YES;
				GCC_OPTIMIZATION_LEVEL = 0;
				GCC_PREPROCESSOR_DEFINITIONS = (
					"DEBUG=1",
					"$(inherited)",
				);
				GCC_WARN_64_TO_32_BIT_CONVERSION = YES;
				GCC_WARN_ABOUT_RETURN_TYPE = YES_ERROR;
				GCC_WARN_UNDECLARED_SELECTOR = YES;
				GCC_WARN_UNINITIALIZED_AUTOS = YES_AGGRESSIVE;
				GCC_WARN_UNUSED_FUNCTION = YES;
				GCC_WARN_UNUSED_VARIABLE = YES;
				IPHONEOS_DEPLOYMENT_TARGET = 9.2;
				MTL_ENABLE_DEBUG_INFO = YES;
				ONLY_ACTIVE_ARCH = YES;
				SDKROOT = iphoneos;
			};
			name = Debug;
		};
		092DF30E1CA715FB0019BA1A /* Release */ = {
			isa = XCBuildConfiguration;
			buildSettings = {
				ALWAYS_SEARCH_USER_PATHS = NO;
				CLANG_CXX_LANGUAGE_STANDARD = "gnu++0x";
				CLANG_CXX_LIBRARY = "libc++";
				CLANG_ENABLE_MODULES = YES;
				CLANG_ENABLE_OBJC_ARC = YES;
				CLANG_WARN_BOOL_CONVERSION = YES;
				CLANG_WARN_CONSTANT_CONVERSION = YES;
				CLANG_WARN_DIRECT_OBJC_ISA_USAGE = YES_ERROR;
				CLANG_WARN_EMPTY_BODY = YES;
				CLANG_WARN_ENUM_CONVERSION = YES;
				CLANG_WARN_INT_CONVERSION = YES;
				CLANG_WARN_OBJC_ROOT_CLASS = YES_ERROR;
				CLANG_WARN_UNREACHABLE_CODE = YES;
				CLANG_WARN__DUPLICATE_METHOD_MATCH = YES;
				"CODE_SIGN_IDENTITY[sdk=iphoneos*]" = "iPhone Developer";
				COPY_PHASE_STRIP = NO;
				DEBUG_INFORMATION_FORMAT = "dwarf-with-dsym";
				ENABLE_NS_ASSERTIONS = NO;
				ENABLE_STRICT_OBJC_MSGSEND = YES;
				GCC_C_LANGUAGE_STANDARD = gnu99;
				GCC_NO_COMMON_BLOCKS = YES;
				GCC_WARN_64_TO_32_BIT_CONVERSION = YES;
				GCC_WARN_ABOUT_RETURN_TYPE = YES_ERROR;
				GCC_WARN_UNDECLARED_SELECTOR = YES;
				GCC_WARN_UNINITIALIZED_AUTOS = YES_AGGRESSIVE;
				GCC_WARN_UNUSED_FUNCTION = YES;
				GCC_WARN_UNUSED_VARIABLE = YES;
				IPHONEOS_DEPLOYMENT_TARGET = 9.2;
				MTL_ENABLE_DEBUG_INFO = NO;
				SDKROOT = iphoneos;
				VALIDATE_PRODUCT = YES;
			};
			name = Release;
		};
		092DF3101CA715FB0019BA1A /* Debug */ = {
			isa = XCBuildConfiguration;
			buildSettings = {
				FRAMEWORK_SEARCH_PATHS = (
					"$(inherited)",
					"$(PROJECT_DIR)",
				);
				HEADER_SEARCH_PATHS = (
					"$(inherited)",
					"$(SRCROOT)/../react-native/React/**",
					"$(SRCROOT)/node_modules/react-native/React/**",
				);
				OTHER_LDFLAGS = (
					"-ObjC",
					"-l\"c++\"",
				);
				PRODUCT_NAME = "$(TARGET_NAME)";
				SKIP_INSTALL = YES;
			};
			name = Debug;
		};
		092DF3111CA715FB0019BA1A /* Release */ = {
			isa = XCBuildConfiguration;
			buildSettings = {
				FRAMEWORK_SEARCH_PATHS = (
					"$(inherited)",
					"$(PROJECT_DIR)",
				);
				HEADER_SEARCH_PATHS = (
					"$(inherited)",
					"$(SRCROOT)/../react-native/React/**",
					"$(SRCROOT)/node_modules/react-native/React/**",
				);
				OTHER_LDFLAGS = (
					"-ObjC",
					"-l\"c++\"",
				);
				PRODUCT_NAME = "$(TARGET_NAME)";
				SKIP_INSTALL = YES;
			};
			name = Release;
		};
/* End XCBuildConfiguration section */

/* Begin XCConfigurationList section */
		092DF3011CA715FA0019BA1A /* Build configuration list for PBXProject "RNNuanceManager" */ = {
			isa = XCConfigurationList;
			buildConfigurations = (
				092DF30D1CA715FB0019BA1A /* Debug */,
				092DF30E1CA715FB0019BA1A /* Release */,
			);
			defaultConfigurationIsVisible = 0;
			defaultConfigurationName = Release;
		};
		092DF30F1CA715FB0019BA1A /* Build configuration list for PBXNativeTarget "RNNuanceManager" */ = {
			isa = XCConfigurationList;
			buildConfigurations = (
				092DF3101CA715FB0019BA1A /* Debug */,
				092DF3111CA715FB0019BA1A /* Release */,
			);
			defaultConfigurationIsVisible = 0;
		};
/* End XCConfigurationList section */
	};
	rootObject = 092DF2FE1CA715FA0019BA1A /* Project object */;
}
